
Microsoft Visual Studio Solution File, Format Version 12.00
# Visual Studio Version 16
VisualStudioVersion = 16.0.30717.126
MinimumVisualStudioVersion = 10.0.40219.1
Project("{FAE04EC0-301F-11D3-BF4B-00C04F79EFBC}") = "CakesDB", "CakesDB\CakesDB.csproj", "{73338999-314B-41B3-A45E-51046DD1A54C}"
EndProject
Global
	GlobalSection(SolutionConfigurationPlatforms) = preSolution
		Debug|Any CPU = Debug|Any CPU
		Release|Any CPU = Release|Any CPU
	EndGlobalSection
	GlobalSection(ProjectConfigurationPlatforms) = postSolution
		{73338999-314B-41B3-A45E-51046DD1A54C}.Debug|Any CPU.ActiveCfg = Debug|Any CPU
		{73338999-314B-41B3-A45E-51046DD1A54C}.Debug|Any CPU.Build.0 = Debug|Any CPU
		{73338999-314B-41B3-A45E-51046DD1A54C}.Release|Any CPU.ActiveCfg = Release|Any CPU
		{73338999-314B-41B3-A45E-51046DD1A54C}.Release|Any CPU.Build.0 = Release|Any CPU
	EndGlobalSection
	GlobalSection(SolutionProperties) = preSolution
		HideSolutionNode = FALSE
	EndGlobalSection
	GlobalSection(ExtensibilityGlobals) = postSolution
		SolutionGuid = {81244599-202D-4D2B-B92B-38C3C642B03A}
	EndGlobalSection
EndGlobal
